Microsoft Visual Studio Solution File, Format Version 12.00
# Visual Studio Version 17
VisualStudioVersion = 17.5.2.0
MinimumVisualStudioVersion = 10.0.40219.1
Project("{FAE04EC0-301F-11D3-BF4B-00C04F79EFBC}") = "Basic_Calculator", "Basic_Calculator.csproj", "{4FB761F0-C8D8-B75B-815C-D08CBA537449}"
EndProject
Global
	GlobalSection(SolutionConfigurationPlatforms) = preSolution
		Debug|Any CPU = Debug|Any CPU
		Release|Any CPU = Release|Any CPU
	EndGlobalSection
	GlobalSection(ProjectConfigurationPlatforms) = postSolution
		{4FB761F0-C8D8-B75B-815C-D08CBA537449}.Debug|Any CPU.ActiveCfg = Debug|Any CPU
		{4FB761F0-C8D8-B75B-815C-D08CBA537449}.Debug|Any CPU.Build.0 = Debug|Any CPU
		{4FB761F0-C8D8-B75B-815C-D08CBA537449}.Release|Any CPU.ActiveCfg = Release|Any CPU
		{4FB761F0-C8D8-B75B-815C-D08CBA537449}.Release|Any CPU.Build.0 = Release|Any CPU
	EndGlobalSection
	GlobalSection(SolutionProperties) = preSolution
		HideSolutionNode = FALSE
	EndGlobalSection
	GlobalSection(ExtensibilityGlobals) = postSolution
		SolutionGuid = {966E8814-CF28-4A64-A1FA-FE780E5D6092}
	EndGlobalSection
EndGlobal
